
Microsoft Visual Studio Solution File, Format Version 12.00
# Visual Studio Version 16
VisualStudioVersion = 16.0.31702.278
MinimumVisualStudioVersion = 10.0.40219.1
Project("{FAE04EC0-301F-11D3-BF4B-00C04F79EFBC}") = "ConsoleApp11(stopwatch)", "ConsoleApp11(stopwatch)\ConsoleApp11(stopwatch).csproj", "{A91C5C19-3A14-48D1-99E1-62E16846BABE}"
EndProject
Global
	GlobalSection(SolutionConfigurationPlatforms) = preSolution
		Debug|Any CPU = Debug|Any CPU
		Release|Any CPU = Release|Any CPU
	EndGlobalSection
	GlobalSection(ProjectConfigurationPlatforms) = postSolution
		{A91C5C19-3A14-48D1-99E1-62E16846BABE}.Debug|Any CPU.ActiveCfg = Debug|Any CPU
		{A91C5C19-3A14-48D1-99E1-62E16846BABE}.Debug|Any CPU.Build.0 = Debug|Any CPU
		{A91C5C19-3A14-48D1-99E1-62E16846BABE}.Release|Any CPU.ActiveCfg = Release|Any CPU
		{A91C5C19-3A14-48D1-99E1-62E16846BABE}.Release|Any CPU.Build.0 = Release|Any CPU
	EndGlobalSection
	GlobalSection(SolutionProperties) = preSolution
		HideSolutionNode = FALSE
	EndGlobalSection
	GlobalSection(ExtensibilityGlobals) = postSolution
		SolutionGuid = {DFB89319-64E4-455F-B18E-7941D473A9D0}
	EndGlobalSection
EndGlobal
