
Microsoft Visual Studio Solution File, Format Version 12.00
# Visual Studio Version 16
VisualStudioVersion = 16.0.31702.278
MinimumVisualStudioVersion = 10.0.40219.1
Project("{FAE04EC0-301F-11D3-BF4B-00C04F79EFBC}") = "ConsoleApp4", "ConsoleApp4\ConsoleApp4.csproj", "{CC626E18-0765-4720-B2B0-F21F6AE194F9}"
EndProject
Global
	GlobalSection(SolutionConfigurationPlatforms) = preSolution
		Debug|Any CPU = Debug|Any CPU
		Release|Any CPU = Release|Any CPU
	EndGlobalSection
	GlobalSection(ProjectConfigurationPlatforms) = postSolution
		{CC626E18-0765-4720-B2B0-F21F6AE194F9}.Debug|Any CPU.ActiveCfg = Debug|Any CPU
		{CC626E18-0765-4720-B2B0-F21F6AE194F9}.Debug|Any CPU.Build.0 = Debug|Any CPU
		{CC626E18-0765-4720-B2B0-F21F6AE194F9}.Release|Any CPU.ActiveCfg = Release|Any CPU
		{CC626E18-0765-4720-B2B0-F21F6AE194F9}.Release|Any CPU.Build.0 = Release|Any CPU
	EndGlobalSection
	GlobalSection(SolutionProperties) = preSolution
		HideSolutionNode = FALSE
	EndGlobalSection
	GlobalSection(ExtensibilityGlobals) = postSolution
		SolutionGuid = {D212C45C-1D37-4D5D-BB0C-BC825A01136B}
	EndGlobalSection
EndGlobal
