
Microsoft Visual Studio Solution File, Format Version 12.00
# Visual Studio Version 16
VisualStudioVersion = 16.0.31702.278
MinimumVisualStudioVersion = 10.0.40219.1
Project("{FAE04EC0-301F-11D3-BF4B-00C04F79EFBC}") = "ConsoleApp21", "ConsoleApp21\ConsoleApp21.csproj", "{28A45D4A-CCF9-4119-9914-7A1E66EFC2DB}"
EndProject
Global
	GlobalSection(SolutionConfigurationPlatforms) = preSolution
		Debug|Any CPU = Debug|Any CPU
		Release|Any CPU = Release|Any CPU
	EndGlobalSection
	GlobalSection(ProjectConfigurationPlatforms) = postSolution
		{28A45D4A-CCF9-4119-9914-7A1E66EFC2DB}.Debug|Any CPU.ActiveCfg = Debug|Any CPU
		{28A45D4A-CCF9-4119-9914-7A1E66EFC2DB}.Debug|Any CPU.Build.0 = Debug|Any CPU
		{28A45D4A-CCF9-4119-9914-7A1E66EFC2DB}.Release|Any CPU.ActiveCfg = Release|Any CPU
		{28A45D4A-CCF9-4119-9914-7A1E66EFC2DB}.Release|Any CPU.Build.0 = Release|Any CPU
	EndGlobalSection
	GlobalSection(SolutionProperties) = preSolution
		HideSolutionNode = FALSE
	EndGlobalSection
	GlobalSection(ExtensibilityGlobals) = postSolution
		SolutionGuid = {059A284A-FF4F-4BB0-9B69-4823A855F803}
	EndGlobalSection
EndGlobal
