
Microsoft Visual Studio Solution File, Format Version 12.00
# Visual Studio Version 16
VisualStudioVersion = 16.0.31702.278
MinimumVisualStudioVersion = 10.0.40219.1
Project("{FAE04EC0-301F-11D3-BF4B-00C04F79EFBC}") = "ConsoleApp17", "ConsoleApp17\ConsoleApp17.csproj", "{35F0D992-9C38-4098-BE7E-2B1E6CAE8EC8}"
EndProject
Global
	GlobalSection(SolutionConfigurationPlatforms) = preSolution
		Debug|Any CPU = Debug|Any CPU
		Release|Any CPU = Release|Any CPU
	EndGlobalSection
	GlobalSection(ProjectConfigurationPlatforms) = postSolution
		{35F0D992-9C38-4098-BE7E-2B1E6CAE8EC8}.Debug|Any CPU.ActiveCfg = Debug|Any CPU
		{35F0D992-9C38-4098-BE7E-2B1E6CAE8EC8}.Debug|Any CPU.Build.0 = Debug|Any CPU
		{35F0D992-9C38-4098-BE7E-2B1E6CAE8EC8}.Release|Any CPU.ActiveCfg = Release|Any CPU
		{35F0D992-9C38-4098-BE7E-2B1E6CAE8EC8}.Release|Any CPU.Build.0 = Release|Any CPU
	EndGlobalSection
	GlobalSection(SolutionProperties) = preSolution
		HideSolutionNode = FALSE
	EndGlobalSection
	GlobalSection(ExtensibilityGlobals) = postSolution
		SolutionGuid = {38619AC7-D452-47CA-BEC3-A891CFA894A3}
	EndGlobalSection
EndGlobal
